// !$*UTF8*$!
{
	archiveVersion = 1;
	classes = {
	};
	objectVersion = 55;
	objects = {

/* Begin PBXBuildFile section */
		C4469BA226EE43EC00C14426 /* Tests_iOS.swift in Sources */ = {isa = PBXBuildFile; fileRef = C4469BA126EE43EC00C14426 /* Tests_iOS.swift */; };
		C4469BA426EE43EC00C14426 /* Tests_iOSLaunchTests.swift in Sources */ = {isa = PBXBuildFile; fileRef = C4469BA326EE43EC00C14426 /* Tests_iOSLaunchTests.swift */; };
		C4469BAE26EE43EC00C14426 /* Tests_macOS.swift in Sources */ = {isa = PBXBuildFile; fileRef = C4469BAD26EE43EC00C14426 /* Tests_macOS.swift */; };
		C4469BB026EE43EC00C14426 /* Tests_macOSLaunchTests.swift in Sources */ = {isa = PBXBuildFile; fileRef = C4469BAF26EE43EC00C14426 /* Tests_macOSLaunchTests.swift */; };
		C4469BB126EE43EC00C14426 /* StorageAppApp.swift in Sources */ = {isa = PBXBuildFile; fileRef = C4469B8B26EE43E800C14426 /* StorageAppApp.swift */; };
		C4469BB226EE43EC00C14426 /* StorageAppApp.swift in Sources */ = {isa = PBXBuildFile; fileRef = C4469B8B26EE43E800C14426 /* StorageAppApp.swift */; };
		C4469BB326EE43EC00C14426 /* ContentView.swift in Sources */ = {isa = PBXBuildFile; fileRef = C4469B8C26EE43E800C14426 /* ContentView.swift */; };
		C4469BB426EE43EC00C14426 /* ContentView.swift in Sources */ = {isa = PBXBuildFile; fileRef = C4469B8C26EE43E800C14426 /* ContentView.swift */; };
		C4469BB526EE43EC00C14426 /* Assets.xcassets in Resources */ = {isa = PBXBuildFile; fileRef = C4469B8D26EE43EC00C14426 /* Assets.xcassets */; };
		C4469BB626EE43EC00C14426 /* Assets.xcassets in Resources */ = {isa = PBXBuildFile; fileRef = C4469B8D26EE43EC00C14426 /* Assets.xcassets */; };
		C4469BC726EE456000C14426 /* Home.swift in Sources */ = {isa = PBXBuildFile; fileRef = C4469BC626EE456000C14426 /* Home.swift */; };
		C4469BC826EE458500C14426 /* Home.swift in Sources */ = {isa = PBXBuildFile; fileRef = C4469BC626EE456000C14426 /* Home.swift */; };
		C4469BCA26EE469100C14426 /* SideMenu.swift in Sources */ = {isa = PBXBuildFile; fileRef = C4469BC926EE469100C14426 /* SideMenu.swift */; };
		C4469BCB26EE46AA00C14426 /* SideMenu.swift in Sources */ = {isa = PBXBuildFile; fileRef = C4469BC926EE469100C14426 /* SideMenu.swift */; };
		C4469BCD26EE4E2000C14426 /* MainContent.swift in Sources */ = {isa = PBXBuildFile; fileRef = C4469BCC26EE4E2000C14426 /* MainContent.swift */; };
		C4469BCE26EE4E2700C14426 /* MainContent.swift in Sources */ = {isa = PBXBuildFile; fileRef = C4469BCC26EE4E2000C14426 /* MainContent.swift */; };
		C4469BD026EE5BB100C14426 /* SideView.swift in Sources */ = {isa = PBXBuildFile; fileRef = C4469BCF26EE5BB100C14426 /* SideView.swift */; };
		C4469BD126EE67BB00C14426 /* SideView.swift in Sources */ = {isa = PBXBuildFile; fileRef = C4469BCF26EE5BB100C14426 /* SideView.swift */; };
/* End PBXBuildFile section */

/* Begin PBXContainerItemProxy section */
		C4469B9E26EE43EC00C14426 /* PBXContainerItemProxy */ = {
			isa = PBXContainerItemProxy;
			containerPortal = C4469B8626EE43E800C14426 /* Project object */;
			proxyType = 1;
			remoteGlobalIDString = C4469B9126EE43EC00C14426;
			remoteInfo = "StorageApp (iOS)";
		};
		C4469BAA26EE43EC00C14426 /* PBXContainerItemProxy */ = {
			isa = PBXContainerItemProxy;
			containerPortal = C4469B8626EE43E800C14426 /* Project object */;
			proxyType = 1;
			remoteGlobalIDString = C4469B9726EE43EC00C14426;
			remoteInfo = "StorageApp (macOS)";
		};
/* End PBXContainerItemProxy section */

/* Begin PBXFileReference section */
		C4469B8B26EE43E800C14426 /* StorageAppApp.swift */ = {isa = PBXFileReference; lastKnownFileType = sourcecode.swift; path = StorageAppApp.swift; sourceTree = "<group>"; };
		C4469B8C26EE43E800C14426 /* ContentView.swift */ = {isa = PBXFileReference; lastKnownFileType = sourcecode.swift; path = ContentView.swift; sourceTree = "<group>"; };
		C4469B8D26EE43EC00C14426 /* Assets.xcassets */ = {isa = PBXFileReference; lastKnownFileType = folder.assetcatalog; path = Assets.xcassets; sourceTree = "<group>"; };
		C4469B9226EE43EC00C14426 /* StorageApp.app */ = {isa = PBXFileReference; explicitFileType = wrapper.application; includeInIndex = 0; path = StorageApp.app; sourceTree = BUILT_PRODUCTS_DIR; };
		C4469B9826EE43EC00C14426 /* StorageApp.app */ = {isa = PBXFileReference; explicitFileType = wrapper.application; includeInIndex = 0; path = StorageApp.app; sourceTree = BUILT_PRODUCTS_DIR; };
		C4469B9D26EE43EC00C14426 /* Tests iOS.xctest */ = {isa = PBXFileReference; explicitFileType = wrapper.cfbundle; includeInIndex = 0; path = "Tests iOS.xctest"; sourceTree = BUILT_PRODUCTS_DIR; };
		C4469BA126EE43EC00C14426 /* Tests_iOS.swift */ = {isa = PBXFileReference; lastKnownFileType = sourcecode.swift; path = Tests_iOS.swift; sourceTree = "<group>"; };
		C4469BA326EE43EC00C14426 /* Tests_iOSLaunchTests.swift */ = {isa = PBXFileReference; lastKnownFileType = sourcecode.swift; path = Tests_iOSLaunchTests.swift; sourceTree = "<group>"; };
		C4469BA926EE43EC00C14426 /* Tests macOS.xctest */ = {isa = PBXFileReference; explicitFileType = wrapper.cfbundle; includeInIndex = 0; path = "Tests macOS.xctest"; sourceTree = BUILT_PRODUCTS_DIR; };
		C4469BAD26EE43EC00C14426 /* Tests_macOS.swift */ = {isa = PBXFileReference; lastKnownFileType = sourcecode.swift; path = Tests_macOS.swift; sourceTree = "<group>"; };
		C4469BAF26EE43EC00C14426 /* Tests_macOSLaunchTests.swift */ = {isa = PBXFileReference; lastKnownFileType = sourcecode.swift; path = Tests_macOSLaunchTests.swift; sourceTree = "<group>"; };
		C4469BC626EE456000C14426 /* Home.swift */ = {isa = PBXFileReference; lastKnownFileType = sourcecode.swift; path = Home.swift; sourceTree = "<group>"; };
		C4469BC926EE469100C14426 /* SideMenu.swift */ = {isa = PBXFileReference; lastKnownFileType = sourcecode.swift; path = SideMenu.swift; sourceTree = "<group>"; };
		C4469BCC26EE4E2000C14426 /* MainContent.swift */ = {isa = PBXFileReference; lastKnownFileType = sourcecode.swift; path = MainContent.swift; sourceTree = "<group>"; };
		C4469BCF26EE5BB100C14426 /* SideView.swift */ = {isa = PBXFileReference; lastKnownFileType = sourcecode.swift; path = SideView.swift; sourceTree = "<group>"; };
/* End PBXFileReference section */

/* Begin PBXFrameworksBuildPhase section */
		C4469B8F26EE43EC00C14426 /* Frameworks */ = {
			isa = PBXFrameworksBuildPhase;
			buildActionMask = 2147483647;
			files = (
			);
			runOnlyForDeploymentPostprocessing = 0;
		};
		C4469B9526EE43EC00C14426 /* Frameworks */ = {
			isa = PBXFrameworksBuildPhase;
			buildActionMask = 2147483647;
			files = (
			);
			runOnlyForDeploymentPostprocessing = 0;
		};
		C4469B9A26EE43EC00C14426 /* Frameworks */ = {
			isa = PBXFrameworksBuildPhase;
			buildActionMask = 2147483647;
			files = (
			);
			runOnlyForDeploymentPostprocessing = 0;
		};
		C4469BA626EE43EC00C14426 /* Frameworks */ = {
			isa = PBXFrameworksBuildPhase;
			buildActionMask = 2147483647;
			files = (
			);
			runOnlyForDeploymentPostprocessing = 0;
		};
/* End PBXFrameworksBuildPhase section */

/* Begin PBXGroup section */
		C4469B8526EE43E800C14426 = {
			isa = PBXGroup;
			children = (
				C4469B8A26EE43E800C14426 /* Shared */,
				C4469BA026EE43EC00C14426 /* Tests iOS */,
				C4469BAC26EE43EC00C14426 /* Tests macOS */,
				C4469B9326EE43EC00C14426 /* Products */,
			);
			sourceTree = "<group>";
		};
		C4469B8A26EE43E800C14426 /* Shared */ = {
			isa = PBXGroup;
			children = (
				C4469BC526EE453B00C14426 /* View */,
				C4469B8B26EE43E800C14426 /* StorageAppApp.swift */,
				C4469B8C26EE43E800C14426 /* ContentView.swift */,
				C4469B8D26EE43EC00C14426 /* Assets.xcassets */,
			);
			path = Shared;
			sourceTree = "<group>";
		};
		C4469B9326EE43EC00C14426 /* Products */ = {
			isa = PBXGroup;
			children = (
				C4469B9226EE43EC00C14426 /* StorageApp.app */,
				C4469B9826EE43EC00C14426 /* StorageApp.app */,
				C4469B9D26EE43EC00C14426 /* Tests iOS.xctest */,
				C4469BA926EE43EC00C14426 /* Tests macOS.xctest */,
			);
			name = Products;
			sourceTree = "<group>";
		};
		C4469BA026EE43EC00C14426 /* Tests iOS */ = {
			isa = PBXGroup;
			children = (
				C4469BA126EE43EC00C14426 /* Tests_iOS.swift */,
				C4469BA326EE43EC00C14426 /* Tests_iOSLaunchTests.swift */,
			);
			path = "Tests iOS";
			sourceTree = "<group>";
		};
		C4469BAC26EE43EC00C14426 /* Tests macOS */ = {
			isa = PBXGroup;
			children = (
				C4469BAD26EE43EC00C14426 /* Tests_macOS.swift */,
				C4469BAF26EE43EC00C14426 /* Tests_macOSLaunchTests.swift */,
			);
			path = "Tests macOS";
			sourceTree = "<group>";
		};
		C4469BC526EE453B00C14426 /* View */ = {
			isa = PBXGroup;
			children = (
				C4469BC626EE456000C14426 /* Home.swift */,
				C4469BC926EE469100C14426 /* SideMenu.swift */,
				C4469BCC26EE4E2000C14426 /* MainContent.swift */,
				C4469BCF26EE5BB100C14426 /* SideView.swift */,
			);
			path = View;
			sourceTree = "<group>";
		};
/* End PBXGroup section */

/* Begin PBXNativeTarget section */
		C4469B9126EE43EC00C14426 /* StorageApp (iOS) */ = {
			isa = PBXNativeTarget;
			buildConfigurationList = C4469BB926EE43EC00C14426 /* Build configuration list for PBXNativeTarget "StorageApp (iOS)" */;
			buildPhases = (
				C4469B8E26EE43EC00C14426 /* Sources */,
				C4469B8F26EE43EC00C14426 /* Frameworks */,
				C4469B9026EE43EC00C14426 /* Resources */,
			);
			buildRules = (
			);
			dependencies = (
			);
			name = "StorageApp (iOS)";
			productName = "StorageApp (iOS)";
			productReference = C4469B9226EE43EC00C14426 /* StorageApp.app */;
			productType = "com.apple.product-type.application";
		};
		C4469B9726EE43EC00C14426 /* StorageApp (macOS) */ = {
			isa = PBXNativeTarget;
			buildConfigurationList = C4469BBC26EE43EC00C14426 /* Build configuration list for PBXNativeTarget "StorageApp (macOS)" */;
			buildPhases = (
				C4469B9426EE43EC00C14426 /* Sources */,
				C4469B9526EE43EC00C14426 /* Frameworks */,
				C4469B9626EE43EC00C14426 /* Resources */,
			);
			buildRules = (
			);
			dependencies = (
			);
			name = "StorageApp (macOS)";
			productName = "StorageApp (macOS)";
			productReference = C4469B9826EE43EC00C14426 /* StorageApp.app */;
			productType = "com.apple.product-type.application";
		};
		C4469B9C26EE43EC00C14426 /* Tests iOS */ = {
			isa = PBXNativeTarget;
			buildConfigurationList = C4469BBF26EE43EC00C14426 /* Build configuration list for PBXNativeTarget "Tests iOS" */;
			buildPhases = (
				C4469B9926EE43EC00C14426 /* Sources */,
				C4469B9A26EE43EC00C14426 /* Frameworks */,
				C4469B9B26EE43EC00C14426 /* Resources */,
			);
			buildRules = (
			);
			dependencies = (
				C4469B9F26EE43EC00C14426 /* PBXTargetDependency */,
			);
			name = "Tests iOS";
			productName = "Tests iOS";
			productReference = C4469B9D26EE43EC00C14426 /* Tests iOS.xctest */;
			productType = "com.apple.product-type.bundle.ui-testing";
		};
		C4469BA826EE43EC00C14426 /* Tests macOS */ = {
			isa = PBXNativeTarget;
			buildConfigurationList = C4469BC226EE43EC00C14426 /* Build configuration list for PBXNativeTarget "Tests macOS" */;
			buildPhases = (
				C4469BA526EE43EC00C14426 /* Sources */,
				C4469BA626EE43EC00C14426 /* Frameworks */,
				C4469BA726EE43EC00C14426 /* Resources */,
			);
			buildRules = (
			);
			dependencies = (
				C4469BAB26EE43EC00C14426 /* PBXTargetDependency */,
			);
			name = "Tests macOS";
			productName = "Tests macOS";
			productReference = C4469BA926EE43EC00C14426 /* Tests macOS.xctest */;
			productType = "com.apple.product-type.bundle.ui-testing";
		};
/* End PBXNativeTarget section */

/* Begin PBXProject section */
		C4469B8626EE43E800C14426 /* Project object */ = {
			isa = PBXProject;
			attributes = {
				BuildIndependentTargetsInParallel = 1;
				LastSwiftUpdateCheck = 1300;
				LastUpgradeCheck = 1300;
				TargetAttributes = {
					C4469B9126EE43EC00C14426 = {
						CreatedOnToolsVersion = 13.0;
					};
					C4469B9726EE43EC00C14426 = {
						CreatedOnToolsVersion = 13.0;
					};
					C4469B9C26EE43EC00C14426 = {
						CreatedOnToolsVersion = 13.0;
						TestTargetID = C4469B9126EE43EC00C14426;
					};
					C4469BA826EE43EC00C14426 = {
						CreatedOnToolsVersion = 13.0;
						TestTargetID = C4469B9726EE43EC00C14426;
					};
				};
			};
			buildConfigurationList = C4469B8926EE43E800C14426 /* Build configuration list for PBXProject "StorageApp" */;
			compatibilityVersion = "Xcode 13.0";
			developmentRegion = en;
			hasScannedForEncodings = 0;
			knownRegions = (
				en,
				Base,
			);
			mainGroup = C4469B8526EE43E800C14426;
			productRefGroup = C4469B9326EE43EC00C14426 /* Products */;
			projectDirPath = "";
			projectRoot = "";
			targets = (
				C4469B9126EE43EC00C14426 /* StorageApp (iOS) */,
				C4469B9726EE43EC00C14426 /* StorageApp (macOS) */,
				C4469B9C26EE43EC00C14426 /* Tests iOS */,
				C4469BA826EE43EC00C14426 /* Tests macOS */,
			);
		};
/* End PBXProject section */

/* Begin PBXResourcesBuildPhase section */
		C4469B9026EE43EC00C14426 /* Resources */ = {
			isa = PBXResourcesBuildPhase;
			buildActionMask = 2147483647;
			files = (
				C4469BB526EE43EC00C14426 /* Assets.xcassets in Resources */,
			);
			runOnlyForDeploymentPostprocessing = 0;
		};
		C4469B9626EE43EC00C14426 /* Resources */ = {
			isa = PBXResourcesBuildPhase;
			buildActionMask = 2147483647;
			files = (
				C4469BB626EE43EC00C14426 /* Assets.xcassets in Resources */,
			);
			runOnlyForDeploymentPostprocessing = 0;
		};
		C4469B9B26EE43EC00C14426 /* Resources */ = {
			isa = PBXResourcesBuildPhase;
			buildActionMask = 2147483647;
			files = (
			);
			runOnlyForDeploymentPostprocessing = 0;
		};
		C4469BA726EE43EC00C14426 /* Resources */ = {
			isa = PBXResourcesBuildPhase;
			buildActionMask = 2147483647;
			files = (
			);
			runOnlyForDeploymentPostprocessing = 0;
		};
/* End PBXResourcesBuildPhase section */

/* Begin PBXSourcesBuildPhase section */
		C4469B8E26EE43EC00C14426 /* Sources */ = {
			isa = PBXSourcesBuildPhase;
			buildActionMask = 2147483647;
			files = (
				C4469BB326EE43EC00C14426 /* ContentView.swift in Sources */,
				C4469BCD26EE4E2000C14426 /* MainContent.swift in Sources */,
				C4469BC726EE456000C14426 /* Home.swift in Sources */,
				C4469BD026EE5BB100C14426 /* SideView.swift in Sources */,
				C4469BB126EE43EC00C14426 /* StorageAppApp.swift in Sources */,
				C4469BCA26EE469100C14426 /* SideMenu.swift in Sources */,
			);
			runOnlyForDeploymentPostprocessing = 0;
		};
		C4469B9426EE43EC00C14426 /* Sources */ = {
			isa = PBXSourcesBuildPhase;
			buildActionMask = 2147483647;
			files = (
				C4469BB426EE43EC00C14426 /* ContentView.swift in Sources */,
				C4469BCE26EE4E2700C14426 /* MainContent.swift in Sources */,
				C4469BC826EE458500C14426 /* Home.swift in Sources */,
				C4469BD126EE67BB00C14426 /* SideView.swift in Sources */,
				C4469BB226EE43EC00C14426 /* StorageAppApp.swift in Sources */,
				C4469BCB26EE46AA00C14426 /* SideMenu.swift in Sources */,
			);
			runOnlyForDeploymentPostprocessing = 0;
		};
		C4469B9926EE43EC00C14426 /* Sources */ = {
			isa = PBXSourcesBuildPhase;
			buildActionMask = 2147483647;
			files = (
				C4469BA426EE43EC00C14426 /* Tests_iOSLaunchTests.swift in Sources */,
				C4469BA226EE43EC00C14426 /* Tests_iOS.swift in Sources */,
			);
			runOnlyForDeploymentPostprocessing = 0;
		};
		C4469BA526EE43EC00C14426 /* Sources */ = {
			isa = PBXSourcesBuildPhase;
			buildActionMask = 2147483647;
			files = (
				C4469BB026EE43EC00C14426 /* Tests_macOSLaunchTests.swift in Sources */,
				C4469BAE26EE43EC00C14426 /* Tests_macOS.swift in Sources */,
			);
			runOnlyForDeploymentPostprocessing = 0;
		};
/* End PBXSourcesBuildPhase section */

/* Begin PBXTargetDependency section */
		C4469B9F26EE43EC00C14426 /* PBXTargetDependency */ = {
			isa = PBXTargetDependency;
			target = C4469B9126EE43EC00C14426 /* StorageApp (iOS) */;
			targetProxy = C4469B9E26EE43EC00C14426 /* PBXContainerItemProxy */;
		};
		C4469BAB26EE43EC00C14426 /* PBXTargetDependency */ = {
			isa = PBXTargetDependency;
			target = C4469B9726EE43EC00C14426 /* StorageApp (macOS) */;
			targetProxy = C4469BAA26EE43EC00C14426 /* PBXContainerItemProxy */;
		};
/* End PBXTargetDependency section */

/* Begin XCBuildConfiguration section */
		C4469BB726EE43EC00C14426 /* Debug */ = {
			isa = XCBuildConfiguration;
			buildSettings = {
				ALWAYS_SEARCH_USER_PATHS = NO;
				CLANG_ANALYZER_NONNULL = YES;
				CLANG_ANALYZER_NUMBER_OBJECT_CONVERSION = YES_AGGRESSIVE;
				CLANG_CXX_LANGUAGE_STANDARD = "gnu++17";
				CLANG_CXX_LIBRARY = "libc++";
				CLANG_ENABLE_MODULES = YES;
				CLANG_ENABLE_OBJC_ARC = YES;
				CLANG_ENABLE_OBJC_WEAK = YES;
				CLANG_WARN_BLOCK_CAPTURE_AUTORELEASING = YES;
				CLANG_WARN_BOOL_CONVERSION = YES;
				CLANG_WARN_COMMA = YES;
				CLANG_WARN_CONSTANT_CONVERSION = YES;
				CLANG_WARN_DEPRECATED_OBJC_IMPLEMENTATIONS = YES;
				CLANG_WARN_DIRECT_OBJC_ISA_USAGE = YES_ERROR;
				CLANG_WARN_DOCUMENTATION_COMMENTS = YES;
				CLANG_WARN_EMPTY_BODY = YES;
				CLANG_WARN_ENUM_CONVERSION = YES;
				CLANG_WARN_INFINITE_RECURSION = YES;
				CLANG_WARN_INT_CONVERSION = YES;
				CLANG_WARN_NON_LITERAL_NULL_CONVERSION = YES;
				CLANG_WARN_OBJC_IMPLICIT_RETAIN_SELF = YES;
				CLANG_WARN_OBJC_LITERAL_CONVERSION = YES;
				CLANG_WARN_OBJC_ROOT_CLASS = YES_ERROR;
				CLANG_WARN_QUOTED_INCLUDE_IN_FRAMEWORK_HEADER = YES;
				CLANG_WARN_RANGE_LOOP_ANALYSIS = YES;
				CLANG_WARN_STRICT_PROTOTYPES = YES;
				CLANG_WARN_SUSPICIOUS_MOVE = YES;
				CLANG_WARN_UNGUARDED_AVAILABILITY = YES_AGGRESSIVE;
				CLANG_WARN_UNREACHABLE_CODE = YES;
				CLANG_WARN__DUPLICATE_METHOD_MATCH = YES;
				COPY_PHASE_STRIP = NO;
				DEBUG_INFORMATION_FORMAT = dwarf;
				ENABLE_STRICT_OBJC_MSGSEND = YES;
				ENABLE_TESTABILITY = YES;
				GCC_C_LANGUAGE_STANDARD = gnu11;
				GCC_DYNAMIC_NO_PIC = NO;
				GCC_NO_COMMON_BLOCKS = YES;
				GCC_OPTIMIZATION_LEVEL = 0;
				GCC_PREPROCESSOR_DEFINITIONS = (
					"DEBUG=1",
					"$(inherited)",
				);
				GCC_WARN_64_TO_32_BIT_CONVERSION = YES;
				GCC_WARN_ABOUT_RETURN_TYPE = YES_ERROR;
				GCC_WARN_UNDECLARED_SELECTOR = YES;
				GCC_WARN_UNINITIALIZED_AUTOS = YES_AGGRESSIVE;
				GCC_WARN_UNUSED_FUNCTION = YES;
				GCC_WARN_UNUSED_VARIABLE = YES;
				MTL_ENABLE_DEBUG_INFO = INCLUDE_SOURCE;
				MTL_FAST_MATH = YES;
				ONLY_ACTIVE_ARCH = YES;
				SWIFT_ACTIVE_COMPILATION_CONDITIONS = DEBUG;
				SWIFT_OPTIMIZATION_LEVEL = "-Onone";
			};
			name = Debug;
		};
		C4469BB826EE43EC00C14426 /* Release */ = {
			isa = XCBuildConfiguration;
			buildSettings = {
				ALWAYS_SEARCH_USER_PATHS = NO;
				CLANG_ANALYZER_NONNULL = YES;
				CLANG_ANALYZER_NUMBER_OBJECT_CONVERSION = YES_AGGRESSIVE;
				CLANG_CXX_LANGUAGE_STANDARD = "gnu++17";
				CLANG_CXX_LIBRARY = "libc++";
				CLANG_ENABLE_MODULES = YES;
				CLANG_ENABLE_OBJC_ARC = YES;
				CLANG_ENABLE_OBJC_WEAK = YES;
				CLANG_WARN_BLOCK_CAPTURE_AUTORELEASING = YES;
				CLANG_WARN_BOOL_CONVERSION = YES;
				CLANG_WARN_COMMA = YES;
				CLANG_WARN_CONSTANT_CONVERSION = YES;
				CLANG_WARN_DEPRECATED_OBJC_IMPLEMENTATIONS = YES;
				CLANG_WARN_DIRECT_OBJC_ISA_USAGE = YES_ERROR;
				CLANG_WARN_DOCUMENTATION_COMMENTS = YES;
				CLANG_WARN_EMPTY_BODY = YES;
				CLANG_WARN_ENUM_CONVERSION = YES;
				CLANG_WARN_INFINITE_RECURSION = YES;
				CLANG_WARN_INT_CONVERSION = YES;
				CLANG_WARN_NON_LITERAL_NULL_CONVERSION = YES;
				CLANG_WARN_OBJC_IMPLICIT_RETAIN_SELF = YES;
				CLANG_WARN_OBJC_LITERAL_CONVERSION = YES;
				CLANG_WARN_OBJC_ROOT_CLASS = YES_ERROR;
				CLANG_WARN_QUOTED_INCLUDE_IN_FRAMEWORK_HEADER = YES;
				CLANG_WARN_RANGE_LOOP_ANALYSIS = YES;
				CLANG_WARN_STRICT_PROTOTYPES = YES;
				CLANG_WARN_SUSPICIOUS_MOVE = YES;
				CLANG_WARN_UNGUARDED_AVAILABILITY = YES_AGGRESSIVE;
				CLANG_WARN_UNREACHABLE_CODE = YES;
				CLANG_WARN__DUPLICATE_METHOD_MATCH = YES;
				COPY_PHASE_STRIP = NO;
				DEBUG_INFORMATION_FORMAT = "dwarf-with-dsym";
				ENABLE_NS_ASSERTIONS = NO;
				ENABLE_STRICT_OBJC_MSGSEND = YES;
				GCC_C_LANGUAGE_STANDARD = gnu11;
				GCC_NO_COMMON_BLOCKS = YES;
				GCC_WARN_64_TO_32_BIT_CONVERSION = YES;
				GCC_WARN_ABOUT_RETURN_TYPE = YES_ERROR;
				GCC_WARN_UNDECLARED_SELECTOR = YES;
				GCC_WARN_UNINITIALIZED_AUTOS = YES_AGGRESSIVE;
				GCC_WARN_UNUSED_FUNCTION = YES;
				GCC_WARN_UNUSED_VARIABLE = YES;
				MTL_ENABLE_DEBUG_INFO = NO;
				MTL_FAST_MATH = YES;
				SWIFT_COMPILATION_MODE = wholemodule;
				SWIFT_OPTIMIZATION_LEVEL = "-O";
			};
			name = Release;
		};
		C4469BBA26EE43EC00C14426 /* Debug */ = {
			isa = XCBuildConfiguration;
			buildSettings = {
				ASSETCATALOG_COMPILER_APPICON_NAME = AppIcon;
				ASSETCATALOG_COMPILER_GLOBAL_ACCENT_COLOR_NAME = AccentColor;
				CODE_SIGN_STYLE = Automatic;
				CURRENT_PROJECT_VERSION = 1;
				DEVELOPMENT_TEAM = G7DSPSWXXC;
				ENABLE_PREVIEWS = YES;
				GENERATE_INFOPLIST_FILE = YES;
				INFOPLIST_KEY_UIApplicationSceneManifest_Generation = YES;
				INFOPLIST_KEY_UIApplicationSupportsIndirectInputEvents = YES;
				INFOPLIST_KEY_UILaunchScreen_Generation = YES;
				INFOPLIST_KEY_UISupportedInterfaceOrientations_iPad = "UIInterfaceOrientationPortrait UIInterfaceOrientationPortraitUpsideDown UIInterfaceOrientationLandscapeLeft UIInterfaceOrientationLandscapeRight";
				INFOPLIST_KEY_UISupportedInterfaceOrientations_iPhone = "UIInterfaceOrientationPortrait UIInterfaceOrientationLandscapeLeft UIInterfaceOrientationLandscapeRight";
				IPHONEOS_DEPLOYMENT_TARGET = 14.0;
				LD_RUNPATH_SEARCH_PATHS = (
					"$(inherited)",
					"@executable_path/Frameworks",
				);
				MARKETING_VERSION = 1.0;
				PRODUCT_BUNDLE_IDENTIFIER = com.MicheleManniello.StorageApp;
				PRODUCT_NAME = StorageApp;
				SDKROOT = iphoneos;
				SWIFT_EMIT_LOC_STRINGS = YES;
				SWIFT_VERSION = 5.0;
				TARGETED_DEVICE_FAMILY = "1,2";
			};
			name = Debug;
		};
		C4469BBB26EE43EC00C14426 /* Release */ = {
			isa = XCBuildConfiguration;
			buildSettings = {
				ASSETCATALOG_COMPILER_APPICON_NAME = AppIcon;
				ASSETCATALOG_COMPILER_GLOBAL_ACCENT_COLOR_NAME = AccentColor;
				CODE_SIGN_STYLE = Automatic;
				CURRENT_PROJECT_VERSION = 1;
				DEVELOPMENT_TEAM = G7DSPSWXXC;
				ENABLE_PREVIEWS = YES;
				GENERATE_INFOPLIST_FILE = YES;
				INFOPLIST_KEY_UIApplicationSceneManifest_Generation = YES;
				INFOPLIST_KEY_UIApplicationSupportsIndirectInputEvents = YES;
				INFOPLIST_KEY_UILaunchScreen_Generation = YES;
				INFOPLIST_KEY_UISupportedInterfaceOrientations_iPad = "UIInterfaceOrientationPortrait UIInterfaceOrientationPortraitUpsideDown UIInterfaceOrientationLandscapeLeft UIInterfaceOrientationLandscapeRight";
				INFOPLIST_KEY_UISupportedInterfaceOrientations_iPhone = "UIInterfaceOrientationPortrait UIInterfaceOrientationLandscapeLeft UIInterfaceOrientationLandscapeRight";
				IPHONEOS_DEPLOYMENT_TARGET = 14.0;
				LD_RUNPATH_SEARCH_PATHS = (
					"$(inherited)",
					"@executable_path/Frameworks",
				);
				MARKETING_VERSION = 1.0;
				PRODUCT_BUNDLE_IDENTIFIER = com.MicheleManniello.StorageApp;
				PRODUCT_NAME = StorageApp;
				SDKROOT = iphoneos;
				SWIFT_EMIT_LOC_STRINGS = YES;
				SWIFT_VERSION = 5.0;
				TARGETED_DEVICE_FAMILY = "1,2";
				VALIDATE_PRODUCT = YES;
			};
			name = Release;
		};
		C4469BBD26EE43EC00C14426 /* Debug */ = {
			isa = XCBuildConfiguration;
			buildSettings = {
				ASSETCATALOG_COMPILER_APPICON_NAME = AppIcon;
				ASSETCATALOG_COMPILER_GLOBAL_ACCENT_COLOR_NAME = AccentColor;
				CODE_SIGN_STYLE = Automatic;
				COMBINE_HIDPI_IMAGES = YES;
				CURRENT_PROJECT_VERSION = 1;
				DEVELOPMENT_TEAM = G7DSPSWXXC;
				ENABLE_APP_SANDBOX = YES;
				ENABLE_HARDENED_RUNTIME = YES;
				ENABLE_PREVIEWS = YES;
				ENABLE_USER_SELECTED_FILES = readonly;
				GENERATE_INFOPLIST_FILE = YES;
				INFOPLIST_KEY_NSHumanReadableCopyright = "";
				LD_RUNPATH_SEARCH_PATHS = (
					"$(inherited)",
					"@executable_path/../Frameworks",
				);
				MACOSX_DEPLOYMENT_TARGET = 11.0;
				MARKETING_VERSION = 1.0;
				PRODUCT_BUNDLE_IDENTIFIER = com.MicheleManniello.StorageApp;
				PRODUCT_NAME = StorageApp;
				SDKROOT = macosx;
				SWIFT_EMIT_LOC_STRINGS = YES;
				SWIFT_VERSION = 5.0;
			};
			name = Debug;
		};
		C4469BBE26EE43EC00C14426 /* Release */ = {
			isa = XCBuildConfiguration;
			buildSettings = {
				ASSETCATALOG_COMPILER_APPICON_NAME = AppIcon;
				ASSETCATALOG_COMPILER_GLOBAL_ACCENT_COLOR_NAME = AccentColor;
				CODE_SIGN_STYLE = Automatic;
				COMBINE_HIDPI_IMAGES = YES;
				CURRENT_PROJECT_VERSION = 1;
				DEVELOPMENT_TEAM = G7DSPSWXXC;
				ENABLE_APP_SANDBOX = YES;
				ENABLE_HARDENED_RUNTIME = YES;
				ENABLE_PREVIEWS = YES;
				ENABLE_USER_SELECTED_FILES = readonly;
				GENERATE_INFOPLIST_FILE = YES;
				INFOPLIST_KEY_NSHumanReadableCopyright = "";
				LD_RUNPATH_SEARCH_PATHS = (
					"$(inherited)",
					"@executable_path/../Frameworks",
				);
				MACOSX_DEPLOYMENT_TARGET = 11.0;
				MARKETING_VERSION = 1.0;
				PRODUCT_BUNDLE_IDENTIFIER = com.MicheleManniello.StorageApp;
				PRODUCT_NAME = StorageApp;
				SDKROOT = macosx;
				SWIFT_EMIT_LOC_STRINGS = YES;
				SWIFT_VERSION = 5.0;
			};
			name = Release;
		};
		C4469BC026EE43EC00C14426 /* Debug */ = {
			isa = XCBuildConfiguration;
			buildSettings = {
				ALWAYS_EMBED_SWIFT_STANDARD_LIBRARIES = YES;
				CODE_SIGN_STYLE = Automatic;
				CURRENT_PROJECT_VERSION = 1;
				DEVELOPMENT_TEAM = G7DSPSWXXC;
				GENERATE_INFOPLIST_FILE = YES;
				IPHONEOS_DEPLOYMENT_TARGET = 15.0;
				LD_RUNPATH_SEARCH_PATHS = (
					"$(inherited)",
					"@executable_path/Frameworks",
					"@loader_path/Frameworks",
				);
				MARKETING_VERSION = 1.0;
				PRODUCT_BUNDLE_IDENTIFIER = "com.MicheleManniello.Tests-iOS";
				PRODUCT_NAME = "$(TARGET_NAME)";
				SDKROOT = iphoneos;
				SWIFT_EMIT_LOC_STRINGS = NO;
				SWIFT_VERSION = 5.0;
				TARGETED_DEVICE_FAMILY = "1,2";
				TEST_TARGET_NAME = "StorageApp (iOS)";
			};
			name = Debug;
		};
		C4469BC126EE43EC00C14426 /* Release */ = {
			isa = XCBuildConfiguration;
			buildSettings = {
				ALWAYS_EMBED_SWIFT_STANDARD_LIBRARIES = YES;
				CODE_SIGN_STYLE = Automatic;
				CURRENT_PROJECT_VERSION = 1;
				DEVELOPMENT_TEAM = G7DSPSWXXC;
				GENERATE_INFOPLIST_FILE = YES;
				IPHONEOS_DEPLOYMENT_TARGET = 15.0;
				LD_RUNPATH_SEARCH_PATHS = (
					"$(inherited)",
					"@executable_path/Frameworks",
					"@loader_path/Frameworks",
				);
				MARKETING_VERSION = 1.0;
				PRODUCT_BUNDLE_IDENTIFIER = "com.MicheleManniello.Tests-iOS";
				PRODUCT_NAME = "$(TARGET_NAME)";
				SDKROOT = iphoneos;
				SWIFT_EMIT_LOC_STRINGS = NO;
				SWIFT_VERSION = 5.0;
				TARGETED_DEVICE_FAMILY = "1,2";
				TEST_TARGET_NAME = "StorageApp (iOS)";
				VALIDATE_PRODUCT = YES;
			};
			name = Release;
		};
		C4469BC326EE43EC00C14426 /* Debug */ = {
			isa = XCBuildConfiguration;
			buildSettings = {
				ALWAYS_EMBED_SWIFT_STANDARD_LIBRARIES = YES;
				CODE_SIGN_STYLE = Automatic;
				COMBINE_HIDPI_IMAGES = YES;
				CURRENT_PROJECT_VERSION = 1;
				DEVELOPMENT_TEAM = G7DSPSWXXC;
				GENERATE_INFOPLIST_FILE = YES;
				LD_RUNPATH_SEARCH_PATHS = (
					"$(inherited)",
					"@executable_path/../Frameworks",
					"@loader_path/../Frameworks",
				);
				MACOSX_DEPLOYMENT_TARGET = 11.5;
				MARKETING_VERSION = 1.0;
				PRODUCT_BUNDLE_IDENTIFIER = "com.MicheleManniello.Tests-macOS";
				PRODUCT_NAME = "$(TARGET_NAME)";
				SDKROOT = macosx;
				SWIFT_EMIT_LOC_STRINGS = NO;
				SWIFT_VERSION = 5.0;
				TEST_TARGET_NAME = "StorageApp (macOS)";
			};
			name = Debug;
		};
		C4469BC426EE43EC00C14426 /* Release */ = {
			isa = XCBuildConfiguration;
			buildSettings = {
				ALWAYS_EMBED_SWIFT_STANDARD_LIBRARIES = YES;
				CODE_SIGN_STYLE = Automatic;
				COMBINE_HIDPI_IMAGES = YES;
				CURRENT_PROJECT_VERSION = 1;
				DEVELOPMENT_TEAM = G7DSPSWXXC;
				GENERATE_INFOPLIST_FILE = YES;
				LD_RUNPATH_SEARCH_PATHS = (
					"$(inherited)",
					"@executable_path/../Frameworks",
					"@loader_path/../Frameworks",
				);
				MACOSX_DEPLOYMENT_TARGET = 11.5;
				MARKETING_VERSION = 1.0;
				PRODUCT_BUNDLE_IDENTIFIER = "com.MicheleManniello.Tests-macOS";
				PRODUCT_NAME = "$(TARGET_NAME)";
				SDKROOT = macosx;
				SWIFT_EMIT_LOC_STRINGS = NO;
				SWIFT_VERSION = 5.0;
				TEST_TARGET_NAME = "StorageApp (macOS)";
			};
			name = Release;
		};
/* End XCBuildConfiguration section */

/* Begin XCConfigurationList section */
		C4469B8926EE43E800C14426 /* Build configuration list for PBXProject "StorageApp" */ = {
			isa = XCConfigurationList;
			buildConfigurations = (
				C4469BB726EE43EC00C14426 /* Debug */,
				C4469BB826EE43EC00C14426 /* Release */,
			);
			defaultConfigurationIsVisible = 0;
			defaultConfigurationName = Release;
		};
		C4469BB926EE43EC00C14426 /* Build configuration list for PBXNativeTarget "StorageApp (iOS)" */ = {
			isa = XCConfigurationList;
			buildConfigurations = (
				C4469BBA26EE43EC00C14426 /* Debug */,
				C4469BBB26EE43EC00C14426 /* Release */,
			);
			defaultConfigurationIsVisible = 0;
			defaultConfigurationName = Release;
		};
		C4469BBC26EE43EC00C14426 /* Build configuration list for PBXNativeTarget "StorageApp (macOS)" */ = {
			isa = XCConfigurationList;
			buildConfigurations = (
				C4469BBD26EE43EC00C14426 /* Debug */,
				C4469BBE26EE43EC00C14426 /* Release */,
			);
			defaultConfigurationIsVisible = 0;
			defaultConfigurationName = Release;
		};
		C4469BBF26EE43EC00C14426 /* Build configuration list for PBXNativeTarget "Tests iOS" */ = {
			isa = XCConfigurationList;
			buildConfigurations = (
				C4469BC026EE43EC00C14426 /* Debug */,
				C4469BC126EE43EC00C14426 /* Release */,
			);
			defaultConfigurationIsVisible = 0;
			defaultConfigurationName = Release;
		};
		C4469BC226EE43EC00C14426 /* Build configuration list for PBXNativeTarget "Tests macOS" */ = {
			isa = XCConfigurationList;
			buildConfigurations = (
				C4469BC326EE43EC00C14426 /* Debug */,
				C4469BC426EE43EC00C14426 /* Release */,
			);
			defaultConfigurationIsVisible = 0;
			defaultConfigurationName = Release;
		};
/* End XCConfigurationList section */
	};
	rootObject = C4469B8626EE43E800C14426 /* Project object */;
}
